
Microsoft Visual Studio Solution File, Format Version 12.00
# Visual Studio Version 17
VisualStudioVersion = 17.1.32319.34
MinimumVisualStudioVersion = 10.0.40219.1
Project("{FAE04EC0-301F-11D3-BF4B-00C04F79EFBC}") = "SpotifyDownloader", "SpotifyDownloader\SpotifyDownloader.csproj", "{FBF474C5-F53C-4AEC-81CD-8D9667CE8C22}"
EndProject
Global
	GlobalSection(SolutionConfigurationPlatforms) = preSolution
		Debug|Any CPU = Debug|Any CPU
		Release|Any CPU = Release|Any CPU
	EndGlobalSection
	GlobalSection(ProjectConfigurationPlatforms) = postSolution
		{FBF474C5-F53C-4AEC-81CD-8D9667CE8C22}.Debug|Any CPU.ActiveCfg = Debug|Any CPU
		{FBF474C5-F53C-4AEC-81CD-8D9667CE8C22}.Debug|Any CPU.Build.0 = Debug|Any CPU
		{FBF474C5-F53C-4AEC-81CD-8D9667CE8C22}.Release|Any CPU.ActiveCfg = Release|Any CPU
		{FBF474C5-F53C-4AEC-81CD-8D9667CE8C22}.Release|Any CPU.Build.0 = Release|Any CPU
	EndGlobalSection
	GlobalSection(SolutionProperties) = preSolution
		HideSolutionNode = FALSE
	EndGlobalSection
	GlobalSection(ExtensibilityGlobals) = postSolution
		SolutionGuid = {F96519B9-6ED1-440E-AEE5-F58FA64D2850}
	EndGlobalSection
EndGlobal
